// !$*UTF8*$!
{
	archiveVersion = 1;
	classes = {
	};
	objectVersion = 46;
	objects = {

/* Begin PBXBuildFile section */
		221554EC1992624100D9D7B4 /* Foundation.framework in Frameworks */ = {isa = PBXBuildFile; fileRef = 221554EB1992624100D9D7B4 /* Foundation.framework */; };
		221554EE1992624100D9D7B4 /* CoreGraphics.framework in Frameworks */ = {isa = PBXBuildFile; fileRef = 221554ED1992624100D9D7B4 /* CoreGraphics.framework */; };
		221554F01992624100D9D7B4 /* UIKit.framework in Frameworks */ = {isa = PBXBuildFile; fileRef = 221554EF1992624100D9D7B4 /* UIKit.framework */; };
		221554F61992624100D9D7B4 /* InfoPlist.strings in Resources */ = {isa = PBXBuildFile; fileRef = 221554F41992624100D9D7B4 /* InfoPlist.strings */; };
		221554F81992624100D9D7B4 /* main.m in Sources */ = {isa = PBXBuildFile; fileRef = 221554F71992624100D9D7B4 /* main.m */; };
		221554FC1992624100D9D7B4 /* BABAppDelegate.m in Sources */ = {isa = PBXBuildFile; fileRef = 221554FB1992624100D9D7B4 /* BABAppDelegate.m */; };
		221554FE1992624100D9D7B4 /* Images.xcassets in Resources */ = {isa = PBXBuildFile; fileRef = 221554FD1992624100D9D7B4 /* Images.xcassets */; };
		221555051992624100D9D7B4 /* XCTest.framework in Frameworks */ = {isa = PBXBuildFile; fileRef = 221555041992624100D9D7B4 /* XCTest.framework */; };
		221555061992624100D9D7B4 /* Foundation.framework in Frameworks */ = {isa = PBXBuildFile; fileRef = 221554EB1992624100D9D7B4 /* Foundation.framework */; };
		221555071992624100D9D7B4 /* UIKit.framework in Frameworks */ = {isa = PBXBuildFile; fileRef = 221554EF1992624100D9D7B4 /* UIKit.framework */; };
		2215550F1992624100D9D7B4 /* InfoPlist.strings in Resources */ = {isa = PBXBuildFile; fileRef = 2215550D1992624100D9D7B4 /* InfoPlist.strings */; };
		221555111992624100D9D7B4 /* Bricks___BallsTests.m in Sources */ = {isa = PBXBuildFile; fileRef = 221555101992624100D9D7B4 /* Bricks___BallsTests.m */; };
/* End PBXBuildFile section */

/* Begin PBXContainerItemProxy section */
		221555081992624100D9D7B4 /* PBXContainerItemProxy */ = {
			isa = PBXContainerItemProxy;
			containerPortal = 221554E01992624100D9D7B4 /* Project object */;
			proxyType = 1;
			remoteGlobalIDString = 221554E71992624100D9D7B4;
			remoteInfo = "Bricks & Balls";
		};
/* End PBXContainerItemProxy section */

/* Begin PBXFileReference section */
		221554E81992624100D9D7B4 /* Bricks & Balls.app */ = {isa = PBXFileReference; explicitFileType = wrapper.application; includeInIndex = 0; path = "Bricks & Balls.app"; sourceTree = BUILT_PRODUCTS_DIR; };
		221554EB1992624100D9D7B4 /* Foundation.framework */ = {isa = PBXFileReference; lastKnownFileType = wrapper.framework; name = Foundation.framework; path = System/Library/Frameworks/Foundation.framework; sourceTree = SDKROOT; };
		221554ED1992624100D9D7B4 /* CoreGraphics.framework */ = {isa = PBXFileReference; lastKnownFileType = wrapper.framework; name = CoreGraphics.framework; path = System/Library/Frameworks/CoreGraphics.framework; sourceTree = SDKROOT; };
		221554EF1992624100D9D7B4 /* UIKit.framework */ = {isa = PBXFileReference; lastKnownFileType = wrapper.framework; name = UIKit.framework; path = System/Library/Frameworks/UIKit.framework; sourceTree = SDKROOT; };
		221554F31992624100D9D7B4 /* Bricks & Balls-Info.plist */ = {isa = PBXFileReference; lastKnownFileType = text.plist.xml; path = "Bricks & Balls-Info.plist"; sourceTree = "<group>"; };
		221554F51992624100D9D7B4 /* en */ = {isa = PBXFileReference; lastKnownFileType = text.plist.strings; name = en; path = en.lproj/InfoPlist.strings; sourceTree = "<group>"; };
		221554F71992624100D9D7B4 /* main.m */ = {isa = PBXFileReference; lastKnownFileType = sourcecode.c.objc; path = main.m; sourceTree = "<group>"; };
		221554F91992624100D9D7B4 /* Bricks & Balls-Prefix.pch */ = {isa = PBXFileReference; lastKnownFileType = sourcecode.c.h; path = "Bricks & Balls-Prefix.pch"; sourceTree = "<group>"; };
		221554FA1992624100D9D7B4 /* BABAppDelegate.h */ = {isa = PBXFileReference; lastKnownFileType = sourcecode.c.h; path = BABAppDelegate.h; sourceTree = "<group>"; };
		221554FB1992624100D9D7B4 /* BABAppDelegate.m */ = {isa = PBXFileReference; lastKnownFileType = sourcecode.c.objc; path = BABAppDelegate.m; sourceTree = "<group>"; };
		221554FD1992624100D9D7B4 /* Images.xcassets */ = {isa = PBXFileReference; lastKnownFileType = folder.assetcatalog; path = Images.xcassets; sourceTree = "<group>"; };
		221555031992624100D9D7B4 /* Bricks & BallsTests.xctest */ = {isa = PBXFileReference; explicitFileType = wrapper.cfbundle; includeInIndex = 0; path = "Bricks & BallsTests.xctest"; sourceTree = BUILT_PRODUCTS_DIR; };
		221555041992624100D9D7B4 /* XCTest.framework */ = {isa = PBXFileReference; lastKnownFileType = wrapper.framework; name = XCTest.framework; path = Library/Frameworks/XCTest.framework; sourceTree = DEVELOPER_DIR; };
		2215550C1992624100D9D7B4 /* Bricks & BallsTests-Info.plist */ = {isa = PBXFileReference; lastKnownFileType = text.plist.xml; path = "Bricks & BallsTests-Info.plist"; sourceTree = "<group>"; };
		2215550E1992624100D9D7B4 /* en */ = {isa = PBXFileReference; lastKnownFileType = text.plist.strings; name = en; path = en.lproj/InfoPlist.strings; sourceTree = "<group>"; };
		221555101992624100D9D7B4 /* Bricks___BallsTests.m */ = {isa = PBXFileReference; lastKnownFileType = sourcecode.c.objc; path = "Bricks___BallsTests.m"; sourceTree = "<group>"; };
/* End PBXFileReference section */

/* Begin PBXFrameworksBuildPhase section */
		221554E51992624100D9D7B4 /* Frameworks */ = {
			isa = PBXFrameworksBuildPhase;
			buildActionMask = 2147483647;
			files = (
				221554EE1992624100D9D7B4 /* CoreGraphics.framework in Frameworks */,
				221554F01992624100D9D7B4 /* UIKit.framework in Frameworks */,
				221554EC1992624100D9D7B4 /* Foundation.framework in Frameworks */,
			);
			runOnlyForDeploymentPostprocessing = 0;
		};
		221555001992624100D9D7B4 /* Frameworks */ = {
			isa = PBXFrameworksBuildPhase;
			buildActionMask = 2147483647;
			files = (
				221555051992624100D9D7B4 /* XCTest.framework in Frameworks */,
				221555071992624100D9D7B4 /* UIKit.framework in Frameworks */,
				221555061992624100D9D7B4 /* Foundation.framework in Frameworks */,
			);
			runOnlyForDeploymentPostprocessing = 0;
		};
/* End PBXFrameworksBuildPhase section */

/* Begin PBXGroup section */
		221554DF1992624100D9D7B4 = {
			isa = PBXGroup;
			children = (
				221554F11992624100D9D7B4 /* Bricks & Balls */,
				2215550A1992624100D9D7B4 /* Bricks & BallsTests */,
				221554EA1992624100D9D7B4 /* Frameworks */,
				221554E91992624100D9D7B4 /* Products */,
			);
			sourceTree = "<group>";
		};
		221554E91992624100D9D7B4 /* Products */ = {
			isa = PBXGroup;
			children = (
				221554E81992624100D9D7B4 /* Bricks & Balls.app */,
				221555031992624100D9D7B4 /* Bricks & BallsTests.xctest */,
			);
			name = Products;
			sourceTree = "<group>";
		};
		221554EA1992624100D9D7B4 /* Frameworks */ = {
			isa = PBXGroup;
			children = (
				221554EB1992624100D9D7B4 /* Foundation.framework */,
				221554ED1992624100D9D7B4 /* CoreGraphics.framework */,
				221554EF1992624100D9D7B4 /* UIKit.framework */,
				221555041992624100D9D7B4 /* XCTest.framework */,
			);
			name = Frameworks;
			sourceTree = "<group>";
		};
		221554F11992624100D9D7B4 /* Bricks & Balls */ = {
			isa = PBXGroup;
			children = (
				221554FA1992624100D9D7B4 /* BABAppDelegate.h */,
				221554FB1992624100D9D7B4 /* BABAppDelegate.m */,
				221554FD1992624100D9D7B4 /* Images.xcassets */,
				221554F21992624100D9D7B4 /* Supporting Files */,
			);
			path = "Bricks & Balls";
			sourceTree = "<group>";
		};
		221554F21992624100D9D7B4 /* Supporting Files */ = {
			isa = PBXGroup;
			children = (
				221554F31992624100D9D7B4 /* Bricks & Balls-Info.plist */,
				221554F41992624100D9D7B4 /* InfoPlist.strings */,
				221554F71992624100D9D7B4 /* main.m */,
				221554F91992624100D9D7B4 /* Bricks & Balls-Prefix.pch */,
			);
			name = "Supporting Files";
			sourceTree = "<group>";
		};
		2215550A1992624100D9D7B4 /* Bricks & BallsTests */ = {
			isa = PBXGroup;
			children = (
				221555101992624100D9D7B4 /* Bricks___BallsTests.m */,
				2215550B1992624100D9D7B4 /* Supporting Files */,
			);
			path = "Bricks & BallsTests";
			sourceTree = "<group>";
		};
		2215550B1992624100D9D7B4 /* Supporting Files */ = {
			isa = PBXGroup;
			children = (
				2215550C1992624100D9D7B4 /* Bricks & BallsTests-Info.plist */,
				2215550D1992624100D9D7B4 /* InfoPlist.strings */,
			);
			name = "Supporting Files";
			sourceTree = "<group>";
		};
/* End PBXGroup section */

/* Begin PBXNativeTarget section */
		221554E71992624100D9D7B4 /* Bricks & Balls */ = {
			isa = PBXNativeTarget;
			buildConfigurationList = 221555141992624100D9D7B4 /* Build configuration list for PBXNativeTarget "Bricks & Balls" */;
			buildPhases = (
				221554E41992624100D9D7B4 /* Sources */,
				221554E51992624100D9D7B4 /* Frameworks */,
				221554E61992624100D9D7B4 /* Resources */,
			);
			buildRules = (
			);
			dependencies = (
			);
			name = "Bricks & Balls";
			productName = "Bricks & Balls";
			productReference = 221554E81992624100D9D7B4 /* Bricks & Balls.app */;
			productType = "com.apple.product-type.application";
		};
		221555021992624100D9D7B4 /* Bricks & BallsTests */ = {
			isa = PBXNativeTarget;
			buildConfigurationList = 221555171992624100D9D7B4 /* Build configuration list for PBXNativeTarget "Bricks & BallsTests" */;
			buildPhases = (
				221554FF1992624100D9D7B4 /* Sources */,
				221555001992624100D9D7B4 /* Frameworks */,
				221555011992624100D9D7B4 /* Resources */,
			);
			buildRules = (
			);
			dependencies = (
				221555091992624100D9D7B4 /* PBXTargetDependency */,
			);
			name = "Bricks & BallsTests";
			productName = "Bricks & BallsTests";
			productReference = 221555031992624100D9D7B4 /* Bricks & BallsTests.xctest */;
			productType = "com.apple.product-type.bundle.unit-test";
		};
/* End PBXNativeTarget section */

/* Begin PBXProject section */
		221554E01992624100D9D7B4 /* Project object */ = {
			isa = PBXProject;
			attributes = {
				CLASSPREFIX = BAB;
				LastUpgradeCheck = 0510;
				ORGANIZATIONNAME = "Merritt Tidwell";
				TargetAttributes = {
					221555021992624100D9D7B4 = {
						TestTargetID = 221554E71992624100D9D7B4;
					};
				};
			};
			buildConfigurationList = 221554E31992624100D9D7B4 /* Build configuration list for PBXProject "Bricks & Balls" */;
			compatibilityVersion = "Xcode 3.2";
			developmentRegion = English;
			hasScannedForEncodings = 0;
			knownRegions = (
				en,
			);
			mainGroup = 221554DF1992624100D9D7B4;
			productRefGroup = 221554E91992624100D9D7B4 /* Products */;
			projectDirPath = "";
			projectRoot = "";
			targets = (
				221554E71992624100D9D7B4 /* Bricks & Balls */,
				221555021992624100D9D7B4 /* Bricks & BallsTests */,
			);
		};
/* End PBXProject section */

/* Begin PBXResourcesBuildPhase section */
		221554E61992624100D9D7B4 /* Resources */ = {
			isa = PBXResourcesBuildPhase;
			buildActionMask = 2147483647;
			files = (
				221554F61992624100D9D7B4 /* InfoPlist.strings in Resources */,
				221554FE1992624100D9D7B4 /* Images.xcassets in Resources */,
			);
			runOnlyForDeploymentPostprocessing = 0;
		};
		221555011992624100D9D7B4 /* Resources */ = {
			isa = PBXResourcesBuildPhase;
			buildActionMask = 2147483647;
			files = (
				2215550F1992624100D9D7B4 /* InfoPlist.strings in Resources */,
			);
			runOnlyForDeploymentPostprocessing = 0;
		};
/* End PBXResourcesBuildPhase section */

/* Begin PBXSourcesBuildPhase section */
		221554E41992624100D9D7B4 /* Sources */ = {
			isa = PBXSourcesBuildPhase;
			buildActionMask = 2147483647;
			files = (
				221554FC1992624100D9D7B4 /* BABAppDelegate.m in Sources */,
				221554F81992624100D9D7B4 /* main.m in Sources */,
			);
			runOnlyForDeploymentPostprocessing = 0;
		};
		221554FF1992624100D9D7B4 /* Sources */ = {
			isa = PBXSourcesBuildPhase;
			buildActionMask = 2147483647;
			files = (
				221555111992624100D9D7B4 /* Bricks___BallsTests.m in Sources */,
			);
			runOnlyForDeploymentPostprocessing = 0;
		};
/* End PBXSourcesBuildPhase section */

/* Begin PBXTargetDependency section */
		221555091992624100D9D7B4 /* PBXTargetDependency */ = {
			isa = PBXTargetDependency;
			target = 221554E71992624100D9D7B4 /* Bricks & Balls */;
			targetProxy = 221555081992624100D9D7B4 /* PBXContainerItemProxy */;
		};
/* End PBXTargetDependency section */

/* Begin PBXVariantGroup section */
		221554F41992624100D9D7B4 /* InfoPlist.strings */ = {
			isa = PBXVariantGroup;
			children = (
				221554F51992624100D9D7B4 /* en */,
			);
			name = InfoPlist.strings;
			sourceTree = "<group>";
		};
		2215550D1992624100D9D7B4 /* InfoPlist.strings */ = {
			isa = PBXVariantGroup;
			children = (
				2215550E1992624100D9D7B4 /* en */,
			);
			name = InfoPlist.strings;
			sourceTree = "<group>";
		};
/* End PBXVariantGroup section */

/* Begin XCBuildConfiguration section */
		221555121992624100D9D7B4 /* Debug */ = {
			isa = XCBuildConfiguration;
			buildSettings = {
				ALWAYS_SEARCH_USER_PATHS = NO;
				CLANG_CXX_LANGUAGE_STANDARD = "gnu++0x";
				CLANG_CXX_LIBRARY = "libc++";
				CLANG_ENABLE_MODULES = YES;
				CLANG_ENABLE_OBJC_ARC = YES;
				CLANG_WARN_BOOL_CONVERSION = YES;
				CLANG_WARN_CONSTANT_CONVERSION = YES;
				CLANG_WARN_DIRECT_OBJC_ISA_USAGE = YES_ERROR;
				CLANG_WARN_EMPTY_BODY = YES;
				CLANG_WARN_ENUM_CONVERSION = YES;
				CLANG_WARN_INT_CONVERSION = YES;
				CLANG_WARN_OBJC_ROOT_CLASS = YES_ERROR;
				CLANG_WARN__DUPLICATE_METHOD_MATCH = YES;
				"CODE_SIGN_IDENTITY[sdk=iphoneos*]" = "iPhone Developer";
				COPY_PHASE_STRIP = NO;
				GCC_C_LANGUAGE_STANDARD = gnu99;
				GCC_DYNAMIC_NO_PIC = NO;
				GCC_OPTIMIZATION_LEVEL = 0;
				GCC_PREPROCESSOR_DEFINITIONS = (
					"DEBUG=1",
					"$(inherited)",
				);
				GCC_SYMBOLS_PRIVATE_EXTERN = NO;
				GCC_WARN_64_TO_32_BIT_CONVERSION = YES;
				GCC_WARN_ABOUT_RETURN_TYPE = YES_ERROR;
				GCC_WARN_UNDECLARED_SELECTOR = YES;
				GCC_WARN_UNINITIALIZED_AUTOS = YES_AGGRESSIVE;
				GCC_WARN_UNUSED_FUNCTION = YES;
				GCC_WARN_UNUSED_VARIABLE = YES;
				IPHONEOS_DEPLOYMENT_TARGET = 7.1;
				ONLY_ACTIVE_ARCH = YES;
				SDKROOT = iphoneos;
			};
			name = Debug;
		};
		221555131992624100D9D7B4 /* Release */ = {
			isa = XCBuildConfiguration;
			buildSettings = {
				ALWAYS_SEARCH_USER_PATHS = NO;
				CLANG_CXX_LANGUAGE_STANDARD = "gnu++0x";
				CLANG_CXX_LIBRARY = "libc++";
				CLANG_ENABLE_MODULES = YES;
				CLANG_ENABLE_OBJC_ARC = YES;
				CLANG_WARN_BOOL_CONVERSION = YES;
				CLANG_WARN_CONSTANT_CONVERSION = YES;
				CLANG_WARN_DIRECT_OBJC_ISA_USAGE = YES_ERROR;
				CLANG_WARN_EMPTY_BODY = YES;
				CLANG_WARN_ENUM_CONVERSION = YES;
				CLANG_WARN_INT_CONVERSION = YES;
				CLANG_WARN_OBJC_ROOT_CLASS = YES_ERROR;
				CLANG_WARN__DUPLICATE_METHOD_MATCH = YES;
				"CODE_SIGN_IDENTITY[sdk=iphoneos*]" = "iPhone Developer";
				COPY_PHASE_STRIP = YES;
				ENABLE_NS_ASSERTIONS = NO;
				GCC_C_LANGUAGE_STANDARD = gnu99;
				GCC_WARN_64_TO_32_BIT_CONVERSION = YES;
				GCC_WARN_ABOUT_RETURN_TYPE = YES_ERROR;
				GCC_WARN_UNDECLARED_SELECTOR = YES;
				GCC_WARN_UNINITIALIZED_AUTOS = YES_AGGRESSIVE;
				GCC_WARN_UNUSED_FUNCTION = YES;
				GCC_WARN_UNUSED_VARIABLE = YES;
				IPHONEOS_DEPLOYMENT_TARGET = 7.1;
				SDKROOT = iphoneos;
				VALIDATE_PRODUCT = YES;
			};
			name = Release;
		};
		221555151992624100D9D7B4 /* Debug */ = {
			isa = XCBuildConfiguration;
			buildSettings = {
				ASSETCATALOG_COMPILER_APPICON_NAME = AppIcon;
				ASSETCATALOG_COMPILER_LAUNCHIMAGE_NAME = LaunchImage;
				GCC_PRECOMPILE_PREFIX_HEADER = YES;
				GCC_PREFIX_HEADER = "Bricks & Balls/Bricks & Balls-Prefix.pch";
				INFOPLIST_FILE = "Bricks & Balls/Bricks & Balls-Info.plist";
				PRODUCT_NAME = "$(TARGET_NAME)";
				WRAPPER_EXTENSION = app;
			};
			name = Debug;
		};
		221555161992624100D9D7B4 /* Release */ = {
			isa = XCBuildConfiguration;
			buildSettings = {
				ASSETCATALOG_COMPILER_APPICON_NAME = AppIcon;
				ASSETCATALOG_COMPILER_LAUNCHIMAGE_NAME = LaunchImage;
				GCC_PRECOMPILE_PREFIX_HEADER = YES;
				GCC_PREFIX_HEADER = "Bricks & Balls/Bricks & Balls-Prefix.pch";
				INFOPLIST_FILE = "Bricks & Balls/Bricks & Balls-Info.plist";
				PRODUCT_NAME = "$(TARGET_NAME)";
				WRAPPER_EXTENSION = app;
			};
			name = Release;
		};
		221555181992624100D9D7B4 /* Debug */ = {
			isa = XCBuildConfiguration;
			buildSettings = {
				BUNDLE_LOADER = "$(BUILT_PRODUCTS_DIR)/Bricks & Balls.app/Bricks & Balls";
				FRAMEWORK_SEARCH_PATHS = (
					"$(SDKROOT)/Developer/Library/Frameworks",
					"$(inherited)",
					"$(DEVELOPER_FRAMEWORKS_DIR)",
				);
				GCC_PRECOMPILE_PREFIX_HEADER = YES;
				GCC_PREFIX_HEADER = "Bricks & Balls/Bricks & Balls-Prefix.pch";
				GCC_PREPROCESSOR_DEFINITIONS = (
					"DEBUG=1",
					"$(inherited)",
				);
				INFOPLIST_FILE = "Bricks & BallsTests/Bricks & BallsTests-Info.plist";
				PRODUCT_NAME = "$(TARGET_NAME)";
				TEST_HOST = "$(BUNDLE_LOADER)";
				WRAPPER_EXTENSION = xctest;
			};
			name = Debug;
		};
		221555191992624100D9D7B4 /* Release */ = {
			isa = XCBuildConfiguration;
			buildSettings = {
				BUNDLE_LOADER = "$(BUILT_PRODUCTS_DIR)/Bricks & Balls.app/Bricks & Balls";
				FRAMEWORK_SEARCH_PATHS = (
					"$(SDKROOT)/Developer/Library/Frameworks",
					"$(inherited)",
					"$(DEVELOPER_FRAMEWORKS_DIR)",
				);
				GCC_PRECOMPILE_PREFIX_HEADER = YES;
				GCC_PREFIX_HEADER = "Bricks & Balls/Bricks & Balls-Prefix.pch";
				INFOPLIST_FILE = "Bricks & BallsTests/Bricks & BallsTests-Info.plist";
				PRODUCT_NAME = "$(TARGET_NAME)";
				TEST_HOST = "$(BUNDLE_LOADER)";
				WRAPPER_EXTENSION = xctest;
			};
			name = Release;
		};
/* End XCBuildConfiguration section */

/* Begin XCConfigurationList section */
		221554E31992624100D9D7B4 /* Build configuration list for PBXProject "Bricks & Balls" */ = {
			isa = XCConfigurationList;
			buildConfigurations = (
				221555121992624100D9D7B4 /* Debug */,
				221555131992624100D9D7B4 /* Release */,
			);
			defaultConfigurationIsVisible = 0;
			defaultConfigurationName = Release;
		};
		221555141992624100D9D7B4 /* Build configuration list for PBXNativeTarget "Bricks & Balls" */ = {
			isa = XCConfigurationList;
			buildConfigurations = (
				221555151992624100D9D7B4 /* Debug */,
				221555161992624100D9D7B4 /* Release */,
			);
			defaultConfigurationIsVisible = 0;
		};
		221555171992624100D9D7B4 /* Build configuration list for PBXNativeTarget "Bricks & BallsTests" */ = {
			isa = XCConfigurationList;
			buildConfigurations = (
				221555181992624100D9D7B4 /* Debug */,
				221555191992624100D9D7B4 /* Release */,
			);
			defaultConfigurationIsVisible = 0;
		};
/* End XCConfigurationList section */
	};
	rootObject = 221554E01992624100D9D7B4 /* Project object */;
}
